
Microsoft Visual Studio Solution File, Format Version 12.00
# Visual Studio Version 17
VisualStudioVersion = 17.8.34511.84
MinimumVisualStudioVersion = 10.0.40219.1
Project("{9A19103F-16F7-4668-BE54-9A1E7A4F7556}") = "hello_world_api_ui", "hello_world_api_ui\hello_world_api_ui.csproj", "{2812740C-8952-477B-8C6F-DF5D60380E44}"
EndProject
Project("{9A19103F-16F7-4668-BE54-9A1E7A4F7556}") = "hello_world_cli", "hello_world_cli\hello_world_cli.csproj", "{6BD68F48-B82C-4734-A567-F1D5CBE58E1B}"
EndProject
Project("{9A19103F-16F7-4668-BE54-9A1E7A4F7556}") = "HelloWebApi", "HelloWebApi\HelloWebApi.csproj", "{E0E55CD4-0DBA-4034-8F92-0FD8957879A1}"
EndProject
Project("{9A19103F-16F7-4668-BE54-9A1E7A4F7556}") = "ProductApp", "ProductApp\ProductApp.csproj", "{E260060E-4352-4A12-AAC9-9783680E6C10}"
EndProject
Project("{FAE04EC0-301F-11D3-BF4B-00C04F79EFBC}") = "BookDemo", "BookDemo\BookDemo.csproj", "{46C2A638-2DE7-4F88-821E-D29746CFFA4B}"
EndProject
Global
	GlobalSection(SolutionConfigurationPlatforms) = preSolution
		Debug|Any CPU = Debug|Any CPU
		Release|Any CPU = Release|Any CPU
	EndGlobalSection
	GlobalSection(ProjectConfigurationPlatforms) = postSolution
		{2812740C-8952-477B-8C6F-DF5D60380E44}.Debug|Any CPU.ActiveCfg = Debug|Any CPU
		{2812740C-8952-477B-8C6F-DF5D60380E44}.Debug|Any CPU.Build.0 = Debug|Any CPU
		{2812740C-8952-477B-8C6F-DF5D60380E44}.Release|Any CPU.ActiveCfg = Release|Any CPU
		{2812740C-8952-477B-8C6F-DF5D60380E44}.Release|Any CPU.Build.0 = Release|Any CPU
		{6BD68F48-B82C-4734-A567-F1D5CBE58E1B}.Debug|Any CPU.ActiveCfg = Debug|Any CPU
		{6BD68F48-B82C-4734-A567-F1D5CBE58E1B}.Debug|Any CPU.Build.0 = Debug|Any CPU
		{6BD68F48-B82C-4734-A567-F1D5CBE58E1B}.Release|Any CPU.ActiveCfg = Release|Any CPU
		{6BD68F48-B82C-4734-A567-F1D5CBE58E1B}.Release|Any CPU.Build.0 = Release|Any CPU
		{E0E55CD4-0DBA-4034-8F92-0FD8957879A1}.Debug|Any CPU.ActiveCfg = Debug|Any CPU
		{E0E55CD4-0DBA-4034-8F92-0FD8957879A1}.Debug|Any CPU.Build.0 = Debug|Any CPU
		{E0E55CD4-0DBA-4034-8F92-0FD8957879A1}.Release|Any CPU.ActiveCfg = Release|Any CPU
		{E0E55CD4-0DBA-4034-8F92-0FD8957879A1}.Release|Any CPU.Build.0 = Release|Any CPU
		{E260060E-4352-4A12-AAC9-9783680E6C10}.Debug|Any CPU.ActiveCfg = Debug|Any CPU
		{E260060E-4352-4A12-AAC9-9783680E6C10}.Debug|Any CPU.Build.0 = Debug|Any CPU
		{E260060E-4352-4A12-AAC9-9783680E6C10}.Release|Any CPU.ActiveCfg = Release|Any CPU
		{E260060E-4352-4A12-AAC9-9783680E6C10}.Release|Any CPU.Build.0 = Release|Any CPU
		{46C2A638-2DE7-4F88-821E-D29746CFFA4B}.Debug|Any CPU.ActiveCfg = Debug|Any CPU
		{46C2A638-2DE7-4F88-821E-D29746CFFA4B}.Debug|Any CPU.Build.0 = Debug|Any CPU
		{46C2A638-2DE7-4F88-821E-D29746CFFA4B}.Release|Any CPU.ActiveCfg = Release|Any CPU
		{46C2A638-2DE7-4F88-821E-D29746CFFA4B}.Release|Any CPU.Build.0 = Release|Any CPU
	EndGlobalSection
	GlobalSection(SolutionProperties) = preSolution
		HideSolutionNode = FALSE
	EndGlobalSection
	GlobalSection(ExtensibilityGlobals) = postSolution
		SolutionGuid = {CE6F9FD4-7F8B-41CE-B884-BA35168B3B11}
	EndGlobalSection
EndGlobal
