
Microsoft Visual Studio Solution File, Format Version 12.00
# Visual Studio Version 17
VisualStudioVersion = 17.8.34525.116
MinimumVisualStudioVersion = 10.0.40219.1
Project("{FAE04EC0-301F-11D3-BF4B-00C04F79EFBC}") = "WebApi", "WebApi\WebApi.csproj", "{C0F3F03D-DAC9-4AF0-9C8B-BB7D46FACA28}"
EndProject
Global
	GlobalSection(SolutionConfigurationPlatforms) = preSolution
		Debug|Any CPU = Debug|Any CPU
		Release|Any CPU = Release|Any CPU
	EndGlobalSection
	GlobalSection(ProjectConfigurationPlatforms) = postSolution
		{C0F3F03D-DAC9-4AF0-9C8B-BB7D46FACA28}.Debug|Any CPU.ActiveCfg = Debug|Any CPU
		{C0F3F03D-DAC9-4AF0-9C8B-BB7D46FACA28}.Debug|Any CPU.Build.0 = Debug|Any CPU
		{C0F3F03D-DAC9-4AF0-9C8B-BB7D46FACA28}.Release|Any CPU.ActiveCfg = Release|Any CPU
		{C0F3F03D-DAC9-4AF0-9C8B-BB7D46FACA28}.Release|Any CPU.Build.0 = Release|Any CPU
	EndGlobalSection
	GlobalSection(SolutionProperties) = preSolution
		HideSolutionNode = FALSE
	EndGlobalSection
	GlobalSection(ExtensibilityGlobals) = postSolution
		SolutionGuid = {35AABBC2-C508-49D3-9900-5360E6038660}
	EndGlobalSection
EndGlobal
